
Microsoft Visual Studio Solution File, Format Version 12.00
# Visual Studio Version 17
VisualStudioVersion = 17.5.33530.505
MinimumVisualStudioVersion = 10.0.40219.1
Project("{FAE04EC0-301F-11D3-BF4B-00C04F79EFBC}") = "DOTNET.TEMPLATE.WEBAPI", "DOTNET.TEMPLATE.WEBAPI\DOTNET.TEMPLATE.WEBAPI.csproj", "{0C4B6968-0381-48EA-90AD-906E5A66AB0C}"
EndProject
Project("{FAE04EC0-301F-11D3-BF4B-00C04F79EFBC}") = "DOTNET.TEMPLATE.BUSINESS", "DOTNET.TEMPLATE.BUSINESS\DOTNET.TEMPLATE.BUSINESS.csproj", "{1CD8F1CA-A588-460D-9F1A-8CB7ED68C52B}"
EndProject
Project("{FAE04EC0-301F-11D3-BF4B-00C04F79EFBC}") = "DOTNET.TEMPLATE.DATAACCESS", "DOTNET.TEMPLATE.DATAACCESS\DOTNET.TEMPLATE.DATAACCESS.csproj", "{136885C6-9D9B-4AA8-87C4-AF4A8C6A915D}"
EndProject
Project("{FAE04EC0-301F-11D3-BF4B-00C04F79EFBC}") = "DOTNET.TEMPLATE.COMMON", "DOTNET.TEMPLATE.COMMON\DOTNET.TEMPLATE.COMMON.csproj", "{E82AC441-98AA-4D08-B1FD-EF32DF647B8F}"
EndProject
Project("{FAE04EC0-301F-11D3-BF4B-00C04F79EFBC}") = "DOTNET.TEMPLATE.SERVICES", "DOTNET.TEMPLATE.SERVICES\DOTNET.TEMPLATE.SERVICES.csproj", "{7ABD1039-F833-421F-A710-AD965487E7BF}"
EndProject
Global
	GlobalSection(SolutionConfigurationPlatforms) = preSolution
		Debug|Any CPU = Debug|Any CPU
		Release|Any CPU = Release|Any CPU
	EndGlobalSection
	GlobalSection(ProjectConfigurationPlatforms) = postSolution
		{0C4B6968-0381-48EA-90AD-906E5A66AB0C}.Debug|Any CPU.ActiveCfg = Debug|Any CPU
		{0C4B6968-0381-48EA-90AD-906E5A66AB0C}.Debug|Any CPU.Build.0 = Debug|Any CPU
		{0C4B6968-0381-48EA-90AD-906E5A66AB0C}.Release|Any CPU.ActiveCfg = Release|Any CPU
		{0C4B6968-0381-48EA-90AD-906E5A66AB0C}.Release|Any CPU.Build.0 = Release|Any CPU
		{1CD8F1CA-A588-460D-9F1A-8CB7ED68C52B}.Debug|Any CPU.ActiveCfg = Debug|Any CPU
		{1CD8F1CA-A588-460D-9F1A-8CB7ED68C52B}.Debug|Any CPU.Build.0 = Debug|Any CPU
		{1CD8F1CA-A588-460D-9F1A-8CB7ED68C52B}.Release|Any CPU.ActiveCfg = Release|Any CPU
		{1CD8F1CA-A588-460D-9F1A-8CB7ED68C52B}.Release|Any CPU.Build.0 = Release|Any CPU
		{136885C6-9D9B-4AA8-87C4-AF4A8C6A915D}.Debug|Any CPU.ActiveCfg = Debug|Any CPU
		{136885C6-9D9B-4AA8-87C4-AF4A8C6A915D}.Debug|Any CPU.Build.0 = Debug|Any CPU
		{136885C6-9D9B-4AA8-87C4-AF4A8C6A915D}.Release|Any CPU.ActiveCfg = Release|Any CPU
		{136885C6-9D9B-4AA8-87C4-AF4A8C6A915D}.Release|Any CPU.Build.0 = Release|Any CPU
		{E82AC441-98AA-4D08-B1FD-EF32DF647B8F}.Debug|Any CPU.ActiveCfg = Debug|Any CPU
		{E82AC441-98AA-4D08-B1FD-EF32DF647B8F}.Debug|Any CPU.Build.0 = Debug|Any CPU
		{E82AC441-98AA-4D08-B1FD-EF32DF647B8F}.Release|Any CPU.ActiveCfg = Release|Any CPU
		{E82AC441-98AA-4D08-B1FD-EF32DF647B8F}.Release|Any CPU.Build.0 = Release|Any CPU
		{7ABD1039-F833-421F-A710-AD965487E7BF}.Debug|Any CPU.ActiveCfg = Debug|Any CPU
		{7ABD1039-F833-421F-A710-AD965487E7BF}.Debug|Any CPU.Build.0 = Debug|Any CPU
		{7ABD1039-F833-421F-A710-AD965487E7BF}.Release|Any CPU.ActiveCfg = Release|Any CPU
		{7ABD1039-F833-421F-A710-AD965487E7BF}.Release|Any CPU.Build.0 = Release|Any CPU
	EndGlobalSection
	GlobalSection(SolutionProperties) = preSolution
		HideSolutionNode = FALSE
	EndGlobalSection
	GlobalSection(ExtensibilityGlobals) = postSolution
		SolutionGuid = {95B81530-99FC-43FD-BF30-C1BDB419AE0A}
	EndGlobalSection
EndGlobal
